
Microsoft Visual Studio Solution File, Format Version 12.00
# Visual Studio Version 17
VisualStudioVersion = 17.2.32602.215
MinimumVisualStudioVersion = 10.0.40219.1
Project("{9A19103F-16F7-4668-BE54-9A1E7A4F7556}") = "WanBot", "WanBot\WanBot.csproj", "{CFA7AD21-03FC-4FF5-94B2-082B7F7FC5D2}"
	ProjectSection(ProjectDependencies) = postProject
		{0B90CA5F-37F6-4081-ABB8-3F4EE3E21FFC} = {0B90CA5F-37F6-4081-ABB8-3F4EE3E21FFC}
		{0B98A2C9-5372-4DB6-BC33-23699CB5AE76} = {0B98A2C9-5372-4DB6-BC33-23699CB5AE76}
		{1B835950-4AA9-408B-921D-B5E7275B8CA1} = {1B835950-4AA9-408B-921D-B5E7275B8CA1}
		{2A826954-87B8-4D34-B86E-18273D0AE940} = {2A826954-87B8-4D34-B86E-18273D0AE940}
		{3B06C0BE-5AFF-476D-A53C-4EAAF1AA85FB} = {3B06C0BE-5AFF-476D-A53C-4EAAF1AA85FB}
		{5BE499D6-F755-40BA-9A3A-0810DE39068E} = {5BE499D6-F755-40BA-9A3A-0810DE39068E}
		{5D6F9BDB-7C20-427B-8CE2-CC30EB550BD2} = {5D6F9BDB-7C20-427B-8CE2-CC30EB550BD2}
		{64A60648-1F52-45E1-AF26-C1445B9D559A} = {64A60648-1F52-45E1-AF26-C1445B9D559A}
		{9EAEFE5E-AE11-496F-BCA9-55F8DAC3B8A9} = {9EAEFE5E-AE11-496F-BCA9-55F8DAC3B8A9}
		{BF76D3A6-D448-4364-BF2B-4BC8DB6C333B} = {BF76D3A6-D448-4364-BF2B-4BC8DB6C333B}
		{CD4BDCDA-4218-450C-80F3-C83D19E77D3F} = {CD4BDCDA-4218-450C-80F3-C83D19E77D3F}
	EndProjectSection
EndProject
Project("{9A19103F-16F7-4668-BE54-9A1E7A4F7556}") = "WanBot.Api", "WanBot.Api\WanBot.Api.csproj", "{8362D4AF-1295-4AE4-A3B7-17E11429940E}"
EndProject
Project("{9A19103F-16F7-4668-BE54-9A1E7A4F7556}") = "WanBot.Test", "WanBot.Test\WanBot.Test.csproj", "{EEC3CCCF-2400-44C1-AD11-345950FAF6FB}"
EndProject
Project("{9A19103F-16F7-4668-BE54-9A1E7A4F7556}") = "WanBot.Plugin.HelloWorld", "WanBot.Plugin.HelloWorld\WanBot.Plugin.HelloWorld.csproj", "{9EAEFE5E-AE11-496F-BCA9-55F8DAC3B8A9}"
EndProject
Project("{9A19103F-16F7-4668-BE54-9A1E7A4F7556}") = "WanBot.Plugin.Essential", "WanBot.Plugin.Essential\WanBot.Plugin.Essential.csproj", "{1B835950-4AA9-408B-921D-B5E7275B8CA1}"
EndProject
Project("{9A19103F-16F7-4668-BE54-9A1E7A4F7556}") = "WanBot.Plugin.HotSpot", "WanBot.Plugin.HotSpot\WanBot.Plugin.HotSpot.csproj", "{0B98A2C9-5372-4DB6-BC33-23699CB5AE76}"
EndProject
Project("{9A19103F-16F7-4668-BE54-9A1E7A4F7556}") = "WanBot.Plugin.Core", "WanBot.Plugin.Core\WanBot.Plugin.Core.csproj", "{2484A63E-6280-4C08-8CD8-35D673E86313}"
EndProject
Project("{9A19103F-16F7-4668-BE54-9A1E7A4F7556}") = "WanBot.Plugin.Jrrp", "WanBot.Plugin.Jrrp\WanBot.Plugin.Jrrp.csproj", "{5D6F9BDB-7C20-427B-8CE2-CC30EB550BD2}"
EndProject
Project("{9A19103F-16F7-4668-BE54-9A1E7A4F7556}") = "WanBot.Plugin.YGO", "WanBot.Plugin.YGO\WanBot.Plugin.YGO.csproj", "{2A826954-87B8-4D34-B86E-18273D0AE940}"
EndProject
Project("{9A19103F-16F7-4668-BE54-9A1E7A4F7556}") = "WanBot.Graphic", "WanBot.Graphic\WanBot.Graphic.csproj", "{9A80B4D0-2162-4DAC-B235-8E1FEE51D1A0}"
EndProject
Project("{9A19103F-16F7-4668-BE54-9A1E7A4F7556}") = "WanBot.Graphic.Example", "WanBot.Graphic.Example\WanBot.Graphic.Example.csproj", "{39786B9E-443D-498D-9997-BC416D2A58B1}"
EndProject
Project("{9A19103F-16F7-4668-BE54-9A1E7A4F7556}") = "WanBot.Plugin.RandomStuff", "WanBot.Plugin.RandomStuff\WanBot.Plugin.RandomStuff.csproj", "{CD4BDCDA-4218-450C-80F3-C83D19E77D3F}"
EndProject
Project("{9A19103F-16F7-4668-BE54-9A1E7A4F7556}") = "WanBot.Plugin.JobAndLife", "WanBot.Plugin.JobAndLife\WanBot.Plugin.JobAndLife.csproj", "{0B90CA5F-37F6-4081-ABB8-3F4EE3E21FFC}"
EndProject
Project("{9A19103F-16F7-4668-BE54-9A1E7A4F7556}") = "WanBot.Plugin.WanCoin", "WanBot.Plugin.WanCoin\WanBot.Plugin.WanCoin.csproj", "{5BE499D6-F755-40BA-9A3A-0810DE39068E}"
EndProject
Project("{9A19103F-16F7-4668-BE54-9A1E7A4F7556}") = "WanBot.Plugin.Pokemon", "WanBot.Plugin.Pokemon\WanBot.Plugin.Pokemon.csproj", "{3B06C0BE-5AFF-476D-A53C-4EAAF1AA85FB}"
EndProject
Project("{9A19103F-16F7-4668-BE54-9A1E7A4F7556}") = "WanBot.Plugin.LuaScript", "WanBot.Plugin.LuaScript\WanBot.Plugin.LuaScript.csproj", "{64A60648-1F52-45E1-AF26-C1445B9D559A}"
EndProject
Project("{9A19103F-16F7-4668-BE54-9A1E7A4F7556}") = "WanBot.Plugin.JavaScript", "WanBot.Plugin.JavaScript\WanBot.Plugin.JavaScript.csproj", "{BF76D3A6-D448-4364-BF2B-4BC8DB6C333B}"
EndProject
Global
	GlobalSection(SolutionConfigurationPlatforms) = preSolution
		Debug|Any CPU = Debug|Any CPU
		Release|Any CPU = Release|Any CPU
	EndGlobalSection
	GlobalSection(ProjectConfigurationPlatforms) = postSolution
		{CFA7AD21-03FC-4FF5-94B2-082B7F7FC5D2}.Debug|Any CPU.ActiveCfg = Debug|Any CPU
		{CFA7AD21-03FC-4FF5-94B2-082B7F7FC5D2}.Debug|Any CPU.Build.0 = Debug|Any CPU
		{CFA7AD21-03FC-4FF5-94B2-082B7F7FC5D2}.Release|Any CPU.ActiveCfg = Release|Any CPU
		{CFA7AD21-03FC-4FF5-94B2-082B7F7FC5D2}.Release|Any CPU.Build.0 = Release|Any CPU
		{8362D4AF-1295-4AE4-A3B7-17E11429940E}.Debug|Any CPU.ActiveCfg = Debug|Any CPU
		{8362D4AF-1295-4AE4-A3B7-17E11429940E}.Debug|Any CPU.Build.0 = Debug|Any CPU
		{8362D4AF-1295-4AE4-A3B7-17E11429940E}.Release|Any CPU.ActiveCfg = Release|Any CPU
		{8362D4AF-1295-4AE4-A3B7-17E11429940E}.Release|Any CPU.Build.0 = Release|Any CPU
		{EEC3CCCF-2400-44C1-AD11-345950FAF6FB}.Debug|Any CPU.ActiveCfg = Debug|Any CPU
		{EEC3CCCF-2400-44C1-AD11-345950FAF6FB}.Debug|Any CPU.Build.0 = Debug|Any CPU
		{EEC3CCCF-2400-44C1-AD11-345950FAF6FB}.Release|Any CPU.ActiveCfg = Release|Any CPU
		{EEC3CCCF-2400-44C1-AD11-345950FAF6FB}.Release|Any CPU.Build.0 = Release|Any CPU
		{9EAEFE5E-AE11-496F-BCA9-55F8DAC3B8A9}.Debug|Any CPU.ActiveCfg = Debug|Any CPU
		{9EAEFE5E-AE11-496F-BCA9-55F8DAC3B8A9}.Debug|Any CPU.Build.0 = Debug|Any CPU
		{9EAEFE5E-AE11-496F-BCA9-55F8DAC3B8A9}.Release|Any CPU.ActiveCfg = Release|Any CPU
		{9EAEFE5E-AE11-496F-BCA9-55F8DAC3B8A9}.Release|Any CPU.Build.0 = Release|Any CPU
		{1B835950-4AA9-408B-921D-B5E7275B8CA1}.Debug|Any CPU.ActiveCfg = Debug|Any CPU
		{1B835950-4AA9-408B-921D-B5E7275B8CA1}.Debug|Any CPU.Build.0 = Debug|Any CPU
		{1B835950-4AA9-408B-921D-B5E7275B8CA1}.Release|Any CPU.ActiveCfg = Release|Any CPU
		{1B835950-4AA9-408B-921D-B5E7275B8CA1}.Release|Any CPU.Build.0 = Release|Any CPU
		{0B98A2C9-5372-4DB6-BC33-23699CB5AE76}.Debug|Any CPU.ActiveCfg = Debug|Any CPU
		{0B98A2C9-5372-4DB6-BC33-23699CB5AE76}.Debug|Any CPU.Build.0 = Debug|Any CPU
		{0B98A2C9-5372-4DB6-BC33-23699CB5AE76}.Release|Any CPU.ActiveCfg = Release|Any CPU
		{0B98A2C9-5372-4DB6-BC33-23699CB5AE76}.Release|Any CPU.Build.0 = Release|Any CPU
		{2484A63E-6280-4C08-8CD8-35D673E86313}.Debug|Any CPU.ActiveCfg = Debug|Any CPU
		{2484A63E-6280-4C08-8CD8-35D673E86313}.Debug|Any CPU.Build.0 = Debug|Any CPU
		{2484A63E-6280-4C08-8CD8-35D673E86313}.Release|Any CPU.ActiveCfg = Release|Any CPU
		{2484A63E-6280-4C08-8CD8-35D673E86313}.Release|Any CPU.Build.0 = Release|Any CPU
		{5D6F9BDB-7C20-427B-8CE2-CC30EB550BD2}.Debug|Any CPU.ActiveCfg = Debug|Any CPU
		{5D6F9BDB-7C20-427B-8CE2-CC30EB550BD2}.Debug|Any CPU.Build.0 = Debug|Any CPU
		{5D6F9BDB-7C20-427B-8CE2-CC30EB550BD2}.Release|Any CPU.ActiveCfg = Release|Any CPU
		{5D6F9BDB-7C20-427B-8CE2-CC30EB550BD2}.Release|Any CPU.Build.0 = Release|Any CPU
		{2A826954-87B8-4D34-B86E-18273D0AE940}.Debug|Any CPU.ActiveCfg = Debug|Any CPU
		{2A826954-87B8-4D34-B86E-18273D0AE940}.Debug|Any CPU.Build.0 = Debug|Any CPU
		{2A826954-87B8-4D34-B86E-18273D0AE940}.Release|Any CPU.ActiveCfg = Release|Any CPU
		{2A826954-87B8-4D34-B86E-18273D0AE940}.Release|Any CPU.Build.0 = Release|Any CPU
		{9A80B4D0-2162-4DAC-B235-8E1FEE51D1A0}.Debug|Any CPU.ActiveCfg = Debug|Any CPU
		{9A80B4D0-2162-4DAC-B235-8E1FEE51D1A0}.Debug|Any CPU.Build.0 = Debug|Any CPU
		{9A80B4D0-2162-4DAC-B235-8E1FEE51D1A0}.Release|Any CPU.ActiveCfg = Release|Any CPU
		{9A80B4D0-2162-4DAC-B235-8E1FEE51D1A0}.Release|Any CPU.Build.0 = Release|Any CPU
		{39786B9E-443D-498D-9997-BC416D2A58B1}.Debug|Any CPU.ActiveCfg = Debug|Any CPU
		{39786B9E-443D-498D-9997-BC416D2A58B1}.Debug|Any CPU.Build.0 = Debug|Any CPU
		{39786B9E-443D-498D-9997-BC416D2A58B1}.Release|Any CPU.ActiveCfg = Release|Any CPU
		{39786B9E-443D-498D-9997-BC416D2A58B1}.Release|Any CPU.Build.0 = Release|Any CPU
		{CD4BDCDA-4218-450C-80F3-C83D19E77D3F}.Debug|Any CPU.ActiveCfg = Debug|Any CPU
		{CD4BDCDA-4218-450C-80F3-C83D19E77D3F}.Debug|Any CPU.Build.0 = Debug|Any CPU
		{CD4BDCDA-4218-450C-80F3-C83D19E77D3F}.Release|Any CPU.ActiveCfg = Release|Any CPU
		{CD4BDCDA-4218-450C-80F3-C83D19E77D3F}.Release|Any CPU.Build.0 = Release|Any CPU
		{0B90CA5F-37F6-4081-ABB8-3F4EE3E21FFC}.Debug|Any CPU.ActiveCfg = Debug|Any CPU
		{0B90CA5F-37F6-4081-ABB8-3F4EE3E21FFC}.Debug|Any CPU.Build.0 = Debug|Any CPU
		{0B90CA5F-37F6-4081-ABB8-3F4EE3E21FFC}.Release|Any CPU.ActiveCfg = Release|Any CPU
		{0B90CA5F-37F6-4081-ABB8-3F4EE3E21FFC}.Release|Any CPU.Build.0 = Release|Any CPU
		{5BE499D6-F755-40BA-9A3A-0810DE39068E}.Debug|Any CPU.ActiveCfg = Debug|Any CPU
		{5BE499D6-F755-40BA-9A3A-0810DE39068E}.Debug|Any CPU.Build.0 = Debug|Any CPU
		{5BE499D6-F755-40BA-9A3A-0810DE39068E}.Release|Any CPU.ActiveCfg = Release|Any CPU
		{5BE499D6-F755-40BA-9A3A-0810DE39068E}.Release|Any CPU.Build.0 = Release|Any CPU
		{3B06C0BE-5AFF-476D-A53C-4EAAF1AA85FB}.Debug|Any CPU.ActiveCfg = Debug|Any CPU
		{3B06C0BE-5AFF-476D-A53C-4EAAF1AA85FB}.Debug|Any CPU.Build.0 = Debug|Any CPU
		{3B06C0BE-5AFF-476D-A53C-4EAAF1AA85FB}.Release|Any CPU.ActiveCfg = Release|Any CPU
		{3B06C0BE-5AFF-476D-A53C-4EAAF1AA85FB}.Release|Any CPU.Build.0 = Release|Any CPU
		{64A60648-1F52-45E1-AF26-C1445B9D559A}.Debug|Any CPU.ActiveCfg = Debug|Any CPU
		{64A60648-1F52-45E1-AF26-C1445B9D559A}.Debug|Any CPU.Build.0 = Debug|Any CPU
		{64A60648-1F52-45E1-AF26-C1445B9D559A}.Release|Any CPU.ActiveCfg = Release|Any CPU
		{64A60648-1F52-45E1-AF26-C1445B9D559A}.Release|Any CPU.Build.0 = Release|Any CPU
		{BF76D3A6-D448-4364-BF2B-4BC8DB6C333B}.Debug|Any CPU.ActiveCfg = Debug|Any CPU
		{BF76D3A6-D448-4364-BF2B-4BC8DB6C333B}.Debug|Any CPU.Build.0 = Debug|Any CPU
		{BF76D3A6-D448-4364-BF2B-4BC8DB6C333B}.Release|Any CPU.ActiveCfg = Release|Any CPU
		{BF76D3A6-D448-4364-BF2B-4BC8DB6C333B}.Release|Any CPU.Build.0 = Release|Any CPU
	EndGlobalSection
	GlobalSection(SolutionProperties) = preSolution
		HideSolutionNode = FALSE
	EndGlobalSection
	GlobalSection(ExtensibilityGlobals) = postSolution
		SolutionGuid = {733BB9E7-7AEE-4A32-B63F-B3542C86370B}
	EndGlobalSection
EndGlobal
